
Microsoft Visual Studio Solution File, Format Version 12.00
# Visual Studio 15
VisualStudioVersion = 15.0.28307.1684
MinimumVisualStudioVersion = 10.0.40219.1
Project("{8BC9CEB8-8B4A-11D0-8D11-00A0C91BC942}") = "AssignmentMonopoly", "AssignmentMonopoly\AssignmentMonopoly.vcxproj", "{2A13134D-C8C7-48B8-9054-A0722C8965A7}"
EndProject
Global
	GlobalSection(SolutionConfigurationPlatforms) = preSolution
		Debug|x64 = Debug|x64
		Debug|x86 = Debug|x86
		Release|x64 = Release|x64
		Release|x86 = Release|x86
	EndGlobalSection
	GlobalSection(ProjectConfigurationPlatforms) = postSolution
		{2A13134D-C8C7-48B8-9054-A0722C8965A7}.Debug|x64.ActiveCfg = Debug|x64
		{2A13134D-C8C7-48B8-9054-A0722C8965A7}.Debug|x64.Build.0 = Debug|x64
		{2A13134D-C8C7-48B8-9054-A0722C8965A7}.Debug|x86.ActiveCfg = Debug|Win32
		{2A13134D-C8C7-48B8-9054-A0722C8965A7}.Debug|x86.Build.0 = Debug|Win32
		{2A13134D-C8C7-48B8-9054-A0722C8965A7}.Release|x64.ActiveCfg = Release|x64
		{2A13134D-C8C7-48B8-9054-A0722C8965A7}.Release|x64.Build.0 = Release|x64
		{2A13134D-C8C7-48B8-9054-A0722C8965A7}.Release|x86.ActiveCfg = Release|Win32
		{2A13134D-C8C7-48B8-9054-A0722C8965A7}.Release|x86.Build.0 = Release|Win32
	EndGlobalSection
	GlobalSection(SolutionProperties) = preSolution
		HideSolutionNode = FALSE
	EndGlobalSection
	GlobalSection(ExtensibilityGlobals) = postSolution
		SolutionGuid = {2303183E-7A38-4836-B86E-41FD50862D33}
	EndGlobalSection
EndGlobal
